
Microsoft Visual Studio Solution File, Format Version 12.00
# Visual Studio Version 17
VisualStudioVersion = 17.13.35913.81 d17.13
MinimumVisualStudioVersion = 10.0.40219.1
Project("{FAE04EC0-301F-11D3-BF4B-00C04F79EFBC}") = "CpEOOP_2425_BingoMultiClass", "CpEOOP_2425_BingoMultiClass\CpEOOP_2425_BingoMultiClass.csproj", "{8500498B-6F94-4AF1-988A-0776BC8F6DF3}"
EndProject
Global
	GlobalSection(SolutionConfigurationPlatforms) = preSolution
		Debug|Any CPU = Debug|Any CPU
		Release|Any CPU = Release|Any CPU
	EndGlobalSection
	GlobalSection(ProjectConfigurationPlatforms) = postSolution
		{8500498B-6F94-4AF1-988A-0776BC8F6DF3}.Debug|Any CPU.ActiveCfg = Debug|Any CPU
		{8500498B-6F94-4AF1-988A-0776BC8F6DF3}.Debug|Any CPU.Build.0 = Debug|Any CPU
		{8500498B-6F94-4AF1-988A-0776BC8F6DF3}.Release|Any CPU.ActiveCfg = Release|Any CPU
		{8500498B-6F94-4AF1-988A-0776BC8F6DF3}.Release|Any CPU.Build.0 = Release|Any CPU
	EndGlobalSection
	GlobalSection(SolutionProperties) = preSolution
		HideSolutionNode = FALSE
	EndGlobalSection
	GlobalSection(ExtensibilityGlobals) = postSolution
		SolutionGuid = {380CF770-D6CA-46B0-88FB-A71BBCF74FAF}
	EndGlobalSection
EndGlobal
